
Microsoft Visual Studio Solution File, Format Version 12.00
# Visual Studio Version 17
VisualStudioVersion = 17.0.31903.59
MinimumVisualStudioVersion = 10.0.40219.1
Project("{9A19103F-16F7-4668-BE54-9A1E7A4F7556}") = "GestioneSagre.Balancer", "src\GestioneSagre.Balancer\GestioneSagre.Balancer.csproj", "{3AA8E356-ACF0-446C-9251-D86C825502E7}"
EndProject
Project("{2150E333-8FDC-42A3-9474-1A3956D46DE8}") = "Elementi di soluzione", "Elementi di soluzione", "{A40900D3-B441-4703-8833-D292EC077252}"
	ProjectSection(SolutionItems) = preProject
		docker-compose.yml = docker-compose.yml
	EndProjectSection
EndProject
Global
	GlobalSection(SolutionConfigurationPlatforms) = preSolution
		Debug|Any CPU = Debug|Any CPU
		Release|Any CPU = Release|Any CPU
	EndGlobalSection
	GlobalSection(ProjectConfigurationPlatforms) = postSolution
		{3AA8E356-ACF0-446C-9251-D86C825502E7}.Debug|Any CPU.ActiveCfg = Debug|Any CPU
		{3AA8E356-ACF0-446C-9251-D86C825502E7}.Debug|Any CPU.Build.0 = Debug|Any CPU
		{3AA8E356-ACF0-446C-9251-D86C825502E7}.Release|Any CPU.ActiveCfg = Release|Any CPU
		{3AA8E356-ACF0-446C-9251-D86C825502E7}.Release|Any CPU.Build.0 = Release|Any CPU
	EndGlobalSection
	GlobalSection(SolutionProperties) = preSolution
		HideSolutionNode = FALSE
	EndGlobalSection
	GlobalSection(ExtensibilityGlobals) = postSolution
		SolutionGuid = {355443D8-9E53-434A-BADA-F6285D55AA2D}
	EndGlobalSection
EndGlobal
